
Microsoft Visual Studio Solution File, Format Version 12.00
# Visual Studio 15
VisualStudioVersion = 15.0.28010.2003
MinimumVisualStudioVersion = 10.0.40219.1
Project("{FAE04EC0-301F-11D3-BF4B-00C04F79EFBC}") = "MyAlbumView", "MyAlbumView\MyAlbumView.csproj", "{D412207D-6F43-441B-BFF1-0717FDDC487A}"
EndProject
Global
	GlobalSection(SolutionConfigurationPlatforms) = preSolution
		Debug|Any CPU = Debug|Any CPU
		Release|Any CPU = Release|Any CPU
	EndGlobalSection
	GlobalSection(ProjectConfigurationPlatforms) = postSolution
		{D412207D-6F43-441B-BFF1-0717FDDC487A}.Debug|Any CPU.ActiveCfg = Debug|Any CPU
		{D412207D-6F43-441B-BFF1-0717FDDC487A}.Debug|Any CPU.Build.0 = Debug|Any CPU
		{D412207D-6F43-441B-BFF1-0717FDDC487A}.Release|Any CPU.ActiveCfg = Release|Any CPU
		{D412207D-6F43-441B-BFF1-0717FDDC487A}.Release|Any CPU.Build.0 = Release|Any CPU
	EndGlobalSection
	GlobalSection(SolutionProperties) = preSolution
		HideSolutionNode = FALSE
	EndGlobalSection
	GlobalSection(ExtensibilityGlobals) = postSolution
		SolutionGuid = {27CAC20B-7E5C-45BB-B813-49FB8D6534B8}
	EndGlobalSection
EndGlobal
